# This file is autogenerated, do not edit; changes may be undone by the next 'dep ensure'.


[[projects]]
  branch = "master"
  name = "github.com/antchfx/xpath"
  packages = ["."]
  revision = "58d12fe685d684ed55aab3b988394652025e36dc"

[[projects]]
  branch = "master"
  name = "github.com/antchfx/xquery"
  packages = ["html","xml"]
  revision = "20aae6a26ce1958f3b84fffd9bea265a8d19b87a"

[[projects]]
  name = "github.com/sirupsen/logrus"
  packages = ["."]
  revision = "f006c2ac4710855cf0f916dd6b77acf6b048dc6e"
  version = "v1.0.3"

[[projects]]
  branch = "master"
  name = "github.com/temoto/robotstxt"
  packages = ["."]
  revision = "9e4646fa705336d5b2fa9dddfafbe0a1a965acd7"

[[projects]]
  branch = "master"
  name = "golang.org/x/crypto"
  packages = ["ssh/terminal"]
  revision = "94eea52f7b742c7cbe0b03b22f0c4c8631ece122"

[[projects]]
  branch = "master"
  name = "golang.org/x/net"
  packages = ["html","html/atom","html/charset","idna","proxy","publicsuffix"]
  revision = "a8b9294777976932365dabb6640cf1468d95c70f"

[[projects]]
  branch = "master"
  name = "golang.org/x/sys"
  packages = ["unix","windows"]
  revision = "8b4580aae2a0dd0c231a45d3ccb8434ff533b840"

[[projects]]
  branch = "master"
  name = "golang.org/x/text"
  packages = ["collate","collate/build","encoding","encoding/charmap","encoding/htmlindex","encoding/internal","encoding/internal/identifier","encoding/japanese","encoding/korean","encoding/simplifiedchinese","encoding/traditionalchinese","encoding/unicode","internal/colltab","internal/gen","internal/tag","internal/triegen","internal/ucd","internal/utf8internal","language","runes","secure/bidirule","transform","unicode/bidi","unicode/cldr","unicode/norm","unicode/rangetable"]
  revision = "75cc3cad82b5f47d3fb229ddda8c5167da14f294"

[solve-meta]
  analyzer-name = "dep"
  analyzer-version = 1
  inputs-digest = "7c091866d87fd471cf82fdc7957e88ad026c89424c1bdd98339714b7be4bd515"
  solver-name = "gps-cdcl"
  solver-version = 1
