# This file is autogenerated, do not edit; changes may be undone by the next 'dep ensure'.


[[projects]]
  branch = "master"
  name = "github.com/antchfx/htmlquery"
  packages = ["."]
  revision = "9f7717ac9bac5f660391c57e3d496b3c7cf9741f"

[[projects]]
  branch = "master"
  name = "github.com/antchfx/xmlquery"
  packages = ["."]
  revision = "f3845cf372319e5428e4c6704089452ddff8ef8b"

[[projects]]
  branch = "master"
  name = "github.com/antchfx/xpath"
  packages = ["."]
  revision = "58d12fe685d684ed55aab3b988394652025e36dc"

[[projects]]
  branch = "master"
  name = "github.com/temoto/robotstxt"
  packages = ["."]
  revision = "9e4646fa705336d5b2fa9dddfafbe0a1a965acd7"

[[projects]]
  branch = "master"
  name = "github.com/tylertreat/BoomFilters"
  packages = ["."]
  revision = "964ea140c9f5a751a35c2ff646f9b5fcf5982b4f"

[[projects]]
  branch = "master"
  name = "golang.org/x/net"
  packages = ["html","html/atom","html/charset","idna","proxy","publicsuffix"]
  revision = "d866cfc389cec985d6fda2859936a575a55a3ab6"

[[projects]]
  branch = "master"
  name = "golang.org/x/text"
  packages = ["collate","collate/build","encoding","encoding/charmap","encoding/htmlindex","encoding/internal","encoding/internal/identifier","encoding/japanese","encoding/korean","encoding/simplifiedchinese","encoding/traditionalchinese","encoding/unicode","internal/colltab","internal/gen","internal/tag","internal/triegen","internal/ucd","internal/utf8internal","language","runes","secure/bidirule","transform","unicode/bidi","unicode/cldr","unicode/norm","unicode/rangetable"]
  revision = "3b24cac7bc3a458991ab409aa2a339ac9e0d60d6"

[solve-meta]
  analyzer-name = "dep"
  analyzer-version = 1
  inputs-digest = "f2c0d7fcd6c0b3300666d83d10a9196306cf79a89a56b3541cfff20cb577a1ff"
  solver-name = "gps-cdcl"
  solver-version = 1
